
Microsoft Visual Studio Solution File, Format Version 12.00
# Visual Studio Version 17
VisualStudioVersion = 17.2.32630.192
MinimumVisualStudioVersion = 10.0.40219.1
Project("{9A19103F-16F7-4668-BE54-9A1E7A4F7556}") = "GParamStudio", "GParamStudio.csproj", "{B93640C4-FF12-4382-9E58-0B96FD874828}"
EndProject
Global
	GlobalSection(SolutionConfigurationPlatforms) = preSolution
		Debug|Any CPU = Debug|Any CPU
		Release|Any CPU = Release|Any CPU
	EndGlobalSection
	GlobalSection(ProjectConfigurationPlatforms) = postSolution
		{B93640C4-FF12-4382-9E58-0B96FD874828}.Debug|Any CPU.ActiveCfg = Debug|Any CPU
		{B93640C4-FF12-4382-9E58-0B96FD874828}.Debug|Any CPU.Build.0 = Debug|Any CPU
		{B93640C4-FF12-4382-9E58-0B96FD874828}.Release|Any CPU.ActiveCfg = Release|Any CPU
		{B93640C4-FF12-4382-9E58-0B96FD874828}.Release|Any CPU.Build.0 = Release|Any CPU
	EndGlobalSection
	GlobalSection(SolutionProperties) = preSolution
		HideSolutionNode = FALSE
	EndGlobalSection
	GlobalSection(ExtensibilityGlobals) = postSolution
		SolutionGuid = {C56658A4-10C7-457B-888F-2BDE5868953D}
	EndGlobalSection
EndGlobal
